// !$*UTF8*$!
{
	archiveVersion = 1;
	classes = {
	};
	objectVersion = 46;
	objects = {

/* Begin PBXBuildFile section */
		787D3A8B18E99C2600D0B7D8 /* Foundation.framework in Frameworks */ = {isa = PBXBuildFile; fileRef = 787D3A8A18E99C2600D0B7D8 /* Foundation.framework */; };
		787D3A8D18E99C2600D0B7D8 /* CoreGraphics.framework in Frameworks */ = {isa = PBXBuildFile; fileRef = 787D3A8C18E99C2600D0B7D8 /* CoreGraphics.framework */; };
		787D3A8F18E99C2600D0B7D8 /* UIKit.framework in Frameworks */ = {isa = PBXBuildFile; fileRef = 787D3A8E18E99C2600D0B7D8 /* UIKit.framework */; };
		787D3A9518E99C2600D0B7D8 /* InfoPlist.strings in Resources */ = {isa = PBXBuildFile; fileRef = 787D3A9318E99C2600D0B7D8 /* InfoPlist.strings */; };
		787D3A9718E99C2600D0B7D8 /* main.m in Sources */ = {isa = PBXBuildFile; fileRef = 787D3A9618E99C2600D0B7D8 /* main.m */; };
		787D3A9B18E99C2600D0B7D8 /* VCAppDelegate.m in Sources */ = {isa = PBXBuildFile; fileRef = 787D3A9A18E99C2600D0B7D8 /* VCAppDelegate.m */; };
		787D3A9E18E99C2600D0B7D8 /* Main.storyboard in Resources */ = {isa = PBXBuildFile; fileRef = 787D3A9C18E99C2600D0B7D8 /* Main.storyboard */; };
		787D3AA118E99C2600D0B7D8 /* VCViewController.m in Sources */ = {isa = PBXBuildFile; fileRef = 787D3AA018E99C2600D0B7D8 /* VCViewController.m */; };
		787D3AA318E99C2600D0B7D8 /* Images.xcassets in Resources */ = {isa = PBXBuildFile; fileRef = 787D3AA218E99C2600D0B7D8 /* Images.xcassets */; };
		787D3AAA18E99C2600D0B7D8 /* XCTest.framework in Frameworks */ = {isa = PBXBuildFile; fileRef = 787D3AA918E99C2600D0B7D8 /* XCTest.framework */; };
		787D3AAB18E99C2600D0B7D8 /* Foundation.framework in Frameworks */ = {isa = PBXBuildFile; fileRef = 787D3A8A18E99C2600D0B7D8 /* Foundation.framework */; };
		787D3AAC18E99C2600D0B7D8 /* UIKit.framework in Frameworks */ = {isa = PBXBuildFile; fileRef = 787D3A8E18E99C2600D0B7D8 /* UIKit.framework */; };
		787D3AB418E99C2600D0B7D8 /* InfoPlist.strings in Resources */ = {isa = PBXBuildFile; fileRef = 787D3AB218E99C2600D0B7D8 /* InfoPlist.strings */; };
		787D3AB618E99C2600D0B7D8 /* UITableViewController_ChallengeTests.m in Sources */ = {isa = PBXBuildFile; fileRef = 787D3AB518E99C2600D0B7D8 /* UITableViewController_ChallengeTests.m */; };
/* End PBXBuildFile section */

/* Begin PBXContainerItemProxy section */
		787D3AAD18E99C2600D0B7D8 /* PBXContainerItemProxy */ = {
			isa = PBXContainerItemProxy;
			containerPortal = 787D3A7F18E99C2600D0B7D8 /* Project object */;
			proxyType = 1;
			remoteGlobalIDString = 787D3A8618E99C2600D0B7D8;
			remoteInfo = "UITableViewController Challenge";
		};
/* End PBXContainerItemProxy section */

/* Begin PBXFileReference section */
		787D3A8718E99C2600D0B7D8 /* UITableViewController Challenge.app */ = {isa = PBXFileReference; explicitFileType = wrapper.application; includeInIndex = 0; path = "UITableViewController Challenge.app"; sourceTree = BUILT_PRODUCTS_DIR; };
		787D3A8A18E99C2600D0B7D8 /* Foundation.framework */ = {isa = PBXFileReference; lastKnownFileType = wrapper.framework; name = Foundation.framework; path = System/Library/Frameworks/Foundation.framework; sourceTree = SDKROOT; };
		787D3A8C18E99C2600D0B7D8 /* CoreGraphics.framework */ = {isa = PBXFileReference; lastKnownFileType = wrapper.framework; name = CoreGraphics.framework; path = System/Library/Frameworks/CoreGraphics.framework; sourceTree = SDKROOT; };
		787D3A8E18E99C2600D0B7D8 /* UIKit.framework */ = {isa = PBXFileReference; lastKnownFileType = wrapper.framework; name = UIKit.framework; path = System/Library/Frameworks/UIKit.framework; sourceTree = SDKROOT; };
		787D3A9218E99C2600D0B7D8 /* UITableViewController Challenge-Info.plist */ = {isa = PBXFileReference; lastKnownFileType = text.plist.xml; path = "UITableViewController Challenge-Info.plist"; sourceTree = "<group>"; };
		787D3A9418E99C2600D0B7D8 /* en */ = {isa = PBXFileReference; lastKnownFileType = text.plist.strings; name = en; path = en.lproj/InfoPlist.strings; sourceTree = "<group>"; };
		787D3A9618E99C2600D0B7D8 /* main.m */ = {isa = PBXFileReference; lastKnownFileType = sourcecode.c.objc; path = main.m; sourceTree = "<group>"; };
		787D3A9818E99C2600D0B7D8 /* UITableViewController Challenge-Prefix.pch */ = {isa = PBXFileReference; lastKnownFileType = sourcecode.c.h; path = "UITableViewController Challenge-Prefix.pch"; sourceTree = "<group>"; };
		787D3A9918E99C2600D0B7D8 /* VCAppDelegate.h */ = {isa = PBXFileReference; lastKnownFileType = sourcecode.c.h; path = VCAppDelegate.h; sourceTree = "<group>"; };
		787D3A9A18E99C2600D0B7D8 /* VCAppDelegate.m */ = {isa = PBXFileReference; lastKnownFileType = sourcecode.c.objc; path = VCAppDelegate.m; sourceTree = "<group>"; };
		787D3A9D18E99C2600D0B7D8 /* Base */ = {isa = PBXFileReference; lastKnownFileType = file.storyboard; name = Base; path = Base.lproj/Main.storyboard; sourceTree = "<group>"; };
		787D3A9F18E99C2600D0B7D8 /* VCViewController.h */ = {isa = PBXFileReference; lastKnownFileType = sourcecode.c.h; path = VCViewController.h; sourceTree = "<group>"; };
		787D3AA018E99C2600D0B7D8 /* VCViewController.m */ = {isa = PBXFileReference; lastKnownFileType = sourcecode.c.objc; path = VCViewController.m; sourceTree = "<group>"; };
		787D3AA218E99C2600D0B7D8 /* Images.xcassets */ = {isa = PBXFileReference; lastKnownFileType = folder.assetcatalog; path = Images.xcassets; sourceTree = "<group>"; };
		787D3AA818E99C2600D0B7D8 /* UITableViewController ChallengeTests.xctest */ = {isa = PBXFileReference; explicitFileType = wrapper.cfbundle; includeInIndex = 0; path = "UITableViewController ChallengeTests.xctest"; sourceTree = BUILT_PRODUCTS_DIR; };
		787D3AA918E99C2600D0B7D8 /* XCTest.framework */ = {isa = PBXFileReference; lastKnownFileType = wrapper.framework; name = XCTest.framework; path = Library/Frameworks/XCTest.framework; sourceTree = DEVELOPER_DIR; };
		787D3AB118E99C2600D0B7D8 /* UITableViewController ChallengeTests-Info.plist */ = {isa = PBXFileReference; lastKnownFileType = text.plist.xml; path = "UITableViewController ChallengeTests-Info.plist"; sourceTree = "<group>"; };
		787D3AB318E99C2600D0B7D8 /* en */ = {isa = PBXFileReference; lastKnownFileType = text.plist.strings; name = en; path = en.lproj/InfoPlist.strings; sourceTree = "<group>"; };
		787D3AB518E99C2600D0B7D8 /* UITableViewController_ChallengeTests.m */ = {isa = PBXFileReference; lastKnownFileType = sourcecode.c.objc; path = UITableViewController_ChallengeTests.m; sourceTree = "<group>"; };
/* End PBXFileReference section */

/* Begin PBXFrameworksBuildPhase section */
		787D3A8418E99C2600D0B7D8 /* Frameworks */ = {
			isa = PBXFrameworksBuildPhase;
			buildActionMask = 2147483647;
			files = (
				787D3A8D18E99C2600D0B7D8 /* CoreGraphics.framework in Frameworks */,
				787D3A8F18E99C2600D0B7D8 /* UIKit.framework in Frameworks */,
				787D3A8B18E99C2600D0B7D8 /* Foundation.framework in Frameworks */,
			);
			runOnlyForDeploymentPostprocessing = 0;
		};
		787D3AA518E99C2600D0B7D8 /* Frameworks */ = {
			isa = PBXFrameworksBuildPhase;
			buildActionMask = 2147483647;
			files = (
				787D3AAA18E99C2600D0B7D8 /* XCTest.framework in Frameworks */,
				787D3AAC18E99C2600D0B7D8 /* UIKit.framework in Frameworks */,
				787D3AAB18E99C2600D0B7D8 /* Foundation.framework in Frameworks */,
			);
			runOnlyForDeploymentPostprocessing = 0;
		};
/* End PBXFrameworksBuildPhase section */

/* Begin PBXGroup section */
		787D3A7E18E99C2600D0B7D8 = {
			isa = PBXGroup;
			children = (
				787D3A9018E99C2600D0B7D8 /* UITableViewController Challenge */,
				787D3AAF18E99C2600D0B7D8 /* UITableViewController ChallengeTests */,
				787D3A8918E99C2600D0B7D8 /* Frameworks */,
				787D3A8818E99C2600D0B7D8 /* Products */,
			);
			sourceTree = "<group>";
		};
		787D3A8818E99C2600D0B7D8 /* Products */ = {
			isa = PBXGroup;
			children = (
				787D3A8718E99C2600D0B7D8 /* UITableViewController Challenge.app */,
				787D3AA818E99C2600D0B7D8 /* UITableViewController ChallengeTests.xctest */,
			);
			name = Products;
			sourceTree = "<group>";
		};
		787D3A8918E99C2600D0B7D8 /* Frameworks */ = {
			isa = PBXGroup;
			children = (
				787D3A8A18E99C2600D0B7D8 /* Foundation.framework */,
				787D3A8C18E99C2600D0B7D8 /* CoreGraphics.framework */,
				787D3A8E18E99C2600D0B7D8 /* UIKit.framework */,
				787D3AA918E99C2600D0B7D8 /* XCTest.framework */,
			);
			name = Frameworks;
			sourceTree = "<group>";
		};
		787D3A9018E99C2600D0B7D8 /* UITableViewController Challenge */ = {
			isa = PBXGroup;
			children = (
				787D3A9918E99C2600D0B7D8 /* VCAppDelegate.h */,
				787D3A9A18E99C2600D0B7D8 /* VCAppDelegate.m */,
				787D3A9C18E99C2600D0B7D8 /* Main.storyboard */,
				787D3A9F18E99C2600D0B7D8 /* VCViewController.h */,
				787D3AA018E99C2600D0B7D8 /* VCViewController.m */,
				787D3AA218E99C2600D0B7D8 /* Images.xcassets */,
				787D3A9118E99C2600D0B7D8 /* Supporting Files */,
			);
			path = "UITableViewController Challenge";
			sourceTree = "<group>";
		};
		787D3A9118E99C2600D0B7D8 /* Supporting Files */ = {
			isa = PBXGroup;
			children = (
				787D3A9218E99C2600D0B7D8 /* UITableViewController Challenge-Info.plist */,
				787D3A9318E99C2600D0B7D8 /* InfoPlist.strings */,
				787D3A9618E99C2600D0B7D8 /* main.m */,
				787D3A9818E99C2600D0B7D8 /* UITableViewController Challenge-Prefix.pch */,
			);
			name = "Supporting Files";
			sourceTree = "<group>";
		};
		787D3AAF18E99C2600D0B7D8 /* UITableViewController ChallengeTests */ = {
			isa = PBXGroup;
			children = (
				787D3AB518E99C2600D0B7D8 /* UITableViewController_ChallengeTests.m */,
				787D3AB018E99C2600D0B7D8 /* Supporting Files */,
			);
			path = "UITableViewController ChallengeTests";
			sourceTree = "<group>";
		};
		787D3AB018E99C2600D0B7D8 /* Supporting Files */ = {
			isa = PBXGroup;
			children = (
				787D3AB118E99C2600D0B7D8 /* UITableViewController ChallengeTests-Info.plist */,
				787D3AB218E99C2600D0B7D8 /* InfoPlist.strings */,
			);
			name = "Supporting Files";
			sourceTree = "<group>";
		};
/* End PBXGroup section */

/* Begin PBXNativeTarget section */
		787D3A8618E99C2600D0B7D8 /* UITableViewController Challenge */ = {
			isa = PBXNativeTarget;
			buildConfigurationList = 787D3AB918E99C2600D0B7D8 /* Build configuration list for PBXNativeTarget "UITableViewController Challenge" */;
			buildPhases = (
				787D3A8318E99C2600D0B7D8 /* Sources */,
				787D3A8418E99C2600D0B7D8 /* Frameworks */,
				787D3A8518E99C2600D0B7D8 /* Resources */,
			);
			buildRules = (
			);
			dependencies = (
			);
			name = "UITableViewController Challenge";
			productName = "UITableViewController Challenge";
			productReference = 787D3A8718E99C2600D0B7D8 /* UITableViewController Challenge.app */;
			productType = "com.apple.product-type.application";
		};
		787D3AA718E99C2600D0B7D8 /* UITableViewController ChallengeTests */ = {
			isa = PBXNativeTarget;
			buildConfigurationList = 787D3ABC18E99C2600D0B7D8 /* Build configuration list for PBXNativeTarget "UITableViewController ChallengeTests" */;
			buildPhases = (
				787D3AA418E99C2600D0B7D8 /* Sources */,
				787D3AA518E99C2600D0B7D8 /* Frameworks */,
				787D3AA618E99C2600D0B7D8 /* Resources */,
			);
			buildRules = (
			);
			dependencies = (
				787D3AAE18E99C2600D0B7D8 /* PBXTargetDependency */,
			);
			name = "UITableViewController ChallengeTests";
			productName = "UITableViewController ChallengeTests";
			productReference = 787D3AA818E99C2600D0B7D8 /* UITableViewController ChallengeTests.xctest */;
			productType = "com.apple.product-type.bundle.unit-test";
		};
/* End PBXNativeTarget section */

/* Begin PBXProject section */
		787D3A7F18E99C2600D0B7D8 /* Project object */ = {
			isa = PBXProject;
			attributes = {
				CLASSPREFIX = VC;
				LastUpgradeCheck = 0510;
				TargetAttributes = {
					787D3AA718E99C2600D0B7D8 = {
						TestTargetID = 787D3A8618E99C2600D0B7D8;
					};
				};
			};
			buildConfigurationList = 787D3A8218E99C2600D0B7D8 /* Build configuration list for PBXProject "UITableViewController Challenge" */;
			compatibilityVersion = "Xcode 3.2";
			developmentRegion = English;
			hasScannedForEncodings = 0;
			knownRegions = (
				en,
				Base,
			);
			mainGroup = 787D3A7E18E99C2600D0B7D8;
			productRefGroup = 787D3A8818E99C2600D0B7D8 /* Products */;
			projectDirPath = "";
			projectRoot = "";
			targets = (
				787D3A8618E99C2600D0B7D8 /* UITableViewController Challenge */,
				787D3AA718E99C2600D0B7D8 /* UITableViewController ChallengeTests */,
			);
		};
/* End PBXProject section */

/* Begin PBXResourcesBuildPhase section */
		787D3A8518E99C2600D0B7D8 /* Resources */ = {
			isa = PBXResourcesBuildPhase;
			buildActionMask = 2147483647;
			files = (
				787D3AA318E99C2600D0B7D8 /* Images.xcassets in Resources */,
				787D3A9518E99C2600D0B7D8 /* InfoPlist.strings in Resources */,
				787D3A9E18E99C2600D0B7D8 /* Main.storyboard in Resources */,
			);
			runOnlyForDeploymentPostprocessing = 0;
		};
		787D3AA618E99C2600D0B7D8 /* Resources */ = {
			isa = PBXResourcesBuildPhase;
			buildActionMask = 2147483647;
			files = (
				787D3AB418E99C2600D0B7D8 /* InfoPlist.strings in Resources */,
			);
			runOnlyForDeploymentPostprocessing = 0;
		};
/* End PBXResourcesBuildPhase section */

/* Begin PBXSourcesBuildPhase section */
		787D3A8318E99C2600D0B7D8 /* Sources */ = {
			isa = PBXSourcesBuildPhase;
			buildActionMask = 2147483647;
			files = (
				787D3A9718E99C2600D0B7D8 /* main.m in Sources */,
				787D3AA118E99C2600D0B7D8 /* VCViewController.m in Sources */,
				787D3A9B18E99C2600D0B7D8 /* VCAppDelegate.m in Sources */,
			);
			runOnlyForDeploymentPostprocessing = 0;
		};
		787D3AA418E99C2600D0B7D8 /* Sources */ = {
			isa = PBXSourcesBuildPhase;
			buildActionMask = 2147483647;
			files = (
				787D3AB618E99C2600D0B7D8 /* UITableViewController_ChallengeTests.m in Sources */,
			);
			runOnlyForDeploymentPostprocessing = 0;
		};
/* End PBXSourcesBuildPhase section */

/* Begin PBXTargetDependency section */
		787D3AAE18E99C2600D0B7D8 /* PBXTargetDependency */ = {
			isa = PBXTargetDependency;
			target = 787D3A8618E99C2600D0B7D8 /* UITableViewController Challenge */;
			targetProxy = 787D3AAD18E99C2600D0B7D8 /* PBXContainerItemProxy */;
		};
/* End PBXTargetDependency section */

/* Begin PBXVariantGroup section */
		787D3A9318E99C2600D0B7D8 /* InfoPlist.strings */ = {
			isa = PBXVariantGroup;
			children = (
				787D3A9418E99C2600D0B7D8 /* en */,
			);
			name = InfoPlist.strings;
			sourceTree = "<group>";
		};
		787D3A9C18E99C2600D0B7D8 /* Main.storyboard */ = {
			isa = PBXVariantGroup;
			children = (
				787D3A9D18E99C2600D0B7D8 /* Base */,
			);
			name = Main.storyboard;
			sourceTree = "<group>";
		};
		787D3AB218E99C2600D0B7D8 /* InfoPlist.strings */ = {
			isa = PBXVariantGroup;
			children = (
				787D3AB318E99C2600D0B7D8 /* en */,
			);
			name = InfoPlist.strings;
			sourceTree = "<group>";
		};
/* End PBXVariantGroup section */

/* Begin XCBuildConfiguration section */
		787D3AB718E99C2600D0B7D8 /* Debug */ = {
			isa = XCBuildConfiguration;
			buildSettings = {
				ALWAYS_SEARCH_USER_PATHS = NO;
				CLANG_CXX_LANGUAGE_STANDARD = "gnu++0x";
				CLANG_CXX_LIBRARY = "libc++";
				CLANG_ENABLE_MODULES = YES;
				CLANG_ENABLE_OBJC_ARC = YES;
				CLANG_WARN_BOOL_CONVERSION = YES;
				CLANG_WARN_CONSTANT_CONVERSION = YES;
				CLANG_WARN_DIRECT_OBJC_ISA_USAGE = YES_ERROR;
				CLANG_WARN_EMPTY_BODY = YES;
				CLANG_WARN_ENUM_CONVERSION = YES;
				CLANG_WARN_INT_CONVERSION = YES;
				CLANG_WARN_OBJC_ROOT_CLASS = YES_ERROR;
				CLANG_WARN__DUPLICATE_METHOD_MATCH = YES;
				"CODE_SIGN_IDENTITY[sdk=iphoneos*]" = "iPhone Developer";
				COPY_PHASE_STRIP = NO;
				GCC_C_LANGUAGE_STANDARD = gnu99;
				GCC_DYNAMIC_NO_PIC = NO;
				GCC_OPTIMIZATION_LEVEL = 0;
				GCC_PREPROCESSOR_DEFINITIONS = (
					"DEBUG=1",
					"$(inherited)",
				);
				GCC_SYMBOLS_PRIVATE_EXTERN = NO;
				GCC_WARN_64_TO_32_BIT_CONVERSION = YES;
				GCC_WARN_ABOUT_RETURN_TYPE = YES_ERROR;
				GCC_WARN_UNDECLARED_SELECTOR = YES;
				GCC_WARN_UNINITIALIZED_AUTOS = YES_AGGRESSIVE;
				GCC_WARN_UNUSED_FUNCTION = YES;
				GCC_WARN_UNUSED_VARIABLE = YES;
				IPHONEOS_DEPLOYMENT_TARGET = 7.1;
				ONLY_ACTIVE_ARCH = YES;
				SDKROOT = iphoneos;
			};
			name = Debug;
		};
		787D3AB818E99C2600D0B7D8 /* Release */ = {
			isa = XCBuildConfiguration;
			buildSettings = {
				ALWAYS_SEARCH_USER_PATHS = NO;
				CLANG_CXX_LANGUAGE_STANDARD = "gnu++0x";
				CLANG_CXX_LIBRARY = "libc++";
				CLANG_ENABLE_MODULES = YES;
				CLANG_ENABLE_OBJC_ARC = YES;
				CLANG_WARN_BOOL_CONVERSION = YES;
				CLANG_WARN_CONSTANT_CONVERSION = YES;
				CLANG_WARN_DIRECT_OBJC_ISA_USAGE = YES_ERROR;
				CLANG_WARN_EMPTY_BODY = YES;
				CLANG_WARN_ENUM_CONVERSION = YES;
				CLANG_WARN_INT_CONVERSION = YES;
				CLANG_WARN_OBJC_ROOT_CLASS = YES_ERROR;
				CLANG_WARN__DUPLICATE_METHOD_MATCH = YES;
				"CODE_SIGN_IDENTITY[sdk=iphoneos*]" = "iPhone Developer";
				COPY_PHASE_STRIP = YES;
				ENABLE_NS_ASSERTIONS = NO;
				GCC_C_LANGUAGE_STANDARD = gnu99;
				GCC_WARN_64_TO_32_BIT_CONVERSION = YES;
				GCC_WARN_ABOUT_RETURN_TYPE = YES_ERROR;
				GCC_WARN_UNDECLARED_SELECTOR = YES;
				GCC_WARN_UNINITIALIZED_AUTOS = YES_AGGRESSIVE;
				GCC_WARN_UNUSED_FUNCTION = YES;
				GCC_WARN_UNUSED_VARIABLE = YES;
				IPHONEOS_DEPLOYMENT_TARGET = 7.1;
				SDKROOT = iphoneos;
				VALIDATE_PRODUCT = YES;
			};
			name = Release;
		};
		787D3ABA18E99C2600D0B7D8 /* Debug */ = {
			isa = XCBuildConfiguration;
			buildSettings = {
				ASSETCATALOG_COMPILER_APPICON_NAME = AppIcon;
				ASSETCATALOG_COMPILER_LAUNCHIMAGE_NAME = LaunchImage;
				GCC_PRECOMPILE_PREFIX_HEADER = YES;
				GCC_PREFIX_HEADER = "UITableViewController Challenge/UITableViewController Challenge-Prefix.pch";
				INFOPLIST_FILE = "UITableViewController Challenge/UITableViewController Challenge-Info.plist";
				PRODUCT_NAME = "$(TARGET_NAME)";
				WRAPPER_EXTENSION = app;
			};
			name = Debug;
		};
		787D3ABB18E99C2600D0B7D8 /* Release */ = {
			isa = XCBuildConfiguration;
			buildSettings = {
				ASSETCATALOG_COMPILER_APPICON_NAME = AppIcon;
				ASSETCATALOG_COMPILER_LAUNCHIMAGE_NAME = LaunchImage;
				GCC_PRECOMPILE_PREFIX_HEADER = YES;
				GCC_PREFIX_HEADER = "UITableViewController Challenge/UITableViewController Challenge-Prefix.pch";
				INFOPLIST_FILE = "UITableViewController Challenge/UITableViewController Challenge-Info.plist";
				PRODUCT_NAME = "$(TARGET_NAME)";
				WRAPPER_EXTENSION = app;
			};
			name = Release;
		};
		787D3ABD18E99C2600D0B7D8 /* Debug */ = {
			isa = XCBuildConfiguration;
			buildSettings = {
				BUNDLE_LOADER = "$(BUILT_PRODUCTS_DIR)/UITableViewController Challenge.app/UITableViewController Challenge";
				FRAMEWORK_SEARCH_PATHS = (
					"$(SDKROOT)/Developer/Library/Frameworks",
					"$(inherited)",
					"$(DEVELOPER_FRAMEWORKS_DIR)",
				);
				GCC_PRECOMPILE_PREFIX_HEADER = YES;
				GCC_PREFIX_HEADER = "UITableViewController Challenge/UITableViewController Challenge-Prefix.pch";
				GCC_PREPROCESSOR_DEFINITIONS = (
					"DEBUG=1",
					"$(inherited)",
				);
				INFOPLIST_FILE = "UITableViewController ChallengeTests/UITableViewController ChallengeTests-Info.plist";
				PRODUCT_NAME = "$(TARGET_NAME)";
				TEST_HOST = "$(BUNDLE_LOADER)";
				WRAPPER_EXTENSION = xctest;
			};
			name = Debug;
		};
		787D3ABE18E99C2600D0B7D8 /* Release */ = {
			isa = XCBuildConfiguration;
			buildSettings = {
				BUNDLE_LOADER = "$(BUILT_PRODUCTS_DIR)/UITableViewController Challenge.app/UITableViewController Challenge";
				FRAMEWORK_SEARCH_PATHS = (
					"$(SDKROOT)/Developer/Library/Frameworks",
					"$(inherited)",
					"$(DEVELOPER_FRAMEWORKS_DIR)",
				);
				GCC_PRECOMPILE_PREFIX_HEADER = YES;
				GCC_PREFIX_HEADER = "UITableViewController Challenge/UITableViewController Challenge-Prefix.pch";
				INFOPLIST_FILE = "UITableViewController ChallengeTests/UITableViewController ChallengeTests-Info.plist";
				PRODUCT_NAME = "$(TARGET_NAME)";
				TEST_HOST = "$(BUNDLE_LOADER)";
				WRAPPER_EXTENSION = xctest;
			};
			name = Release;
		};
/* End XCBuildConfiguration section */

/* Begin XCConfigurationList section */
		787D3A8218E99C2600D0B7D8 /* Build configuration list for PBXProject "UITableViewController Challenge" */ = {
			isa = XCConfigurationList;
			buildConfigurations = (
				787D3AB718E99C2600D0B7D8 /* Debug */,
				787D3AB818E99C2600D0B7D8 /* Release */,
			);
			defaultConfigurationIsVisible = 0;
			defaultConfigurationName = Release;
		};
		787D3AB918E99C2600D0B7D8 /* Build configuration list for PBXNativeTarget "UITableViewController Challenge" */ = {
			isa = XCConfigurationList;
			buildConfigurations = (
				787D3ABA18E99C2600D0B7D8 /* Debug */,
				787D3ABB18E99C2600D0B7D8 /* Release */,
			);
			defaultConfigurationIsVisible = 0;
		};
		787D3ABC18E99C2600D0B7D8 /* Build configuration list for PBXNativeTarget "UITableViewController ChallengeTests" */ = {
			isa = XCConfigurationList;
			buildConfigurations = (
				787D3ABD18E99C2600D0B7D8 /* Debug */,
				787D3ABE18E99C2600D0B7D8 /* Release */,
			);
			defaultConfigurationIsVisible = 0;
		};
/* End XCConfigurationList section */
	};
	rootObject = 787D3A7F18E99C2600D0B7D8 /* Project object */;
}
